// !$*UTF8*$!
{
	archiveVersion = 1;
	classes = {
	};
	objectVersion = 56;
	objects = {

/* Begin PBXBuildFile section */
		EF9ADF0B2BA9A717008E9F8B /* AppDelegate.swift in Sources */ = {isa = PBXBuildFile; fileRef = EF9ADF0A2BA9A717008E9F8B /* AppDelegate.swift */; };
		EF9ADF0D2BA9A717008E9F8B /* SceneDelegate.swift in Sources */ = {isa = PBXBuildFile; fileRef = EF9ADF0C2BA9A717008E9F8B /* SceneDelegate.swift */; };
		EF9ADF0F2BA9A717008E9F8B /* ViewController.swift in Sources */ = {isa = PBXBuildFile; fileRef = EF9ADF0E2BA9A717008E9F8B /* ViewController.swift */; };
		EF9ADF122BA9A717008E9F8B /* Base in Resources */ = {isa = PBXBuildFile; fileRef = EF9ADF112BA9A717008E9F8B /* Base */; };
		EF9ADF142BA9A719008E9F8B /* Assets.xcassets in Resources */ = {isa = PBXBuildFile; fileRef = EF9ADF132BA9A719008E9F8B /* Assets.xcassets */; };
		EF9ADF172BA9A719008E9F8B /* Base in Resources */ = {isa = PBXBuildFile; fileRef = EF9ADF162BA9A719008E9F8B /* Base */; };
		EF9ADF202BA9AA37008E9F8B /* MovieCollectionViewCell.swift in Sources */ = {isa = PBXBuildFile; fileRef = EF9ADF1F2BA9AA37008E9F8B /* MovieCollectionViewCell.swift */; };
		EF9ADF232BA9C0B4008E9F8B /* CompositionLayoutHelper.swift in Sources */ = {isa = PBXBuildFile; fileRef = EF9ADF222BA9C0B4008E9F8B /* CompositionLayoutHelper.swift */; };
		EF9ADF282BA9D7B7008E9F8B /* HeaderCollectionView.xib in Resources */ = {isa = PBXBuildFile; fileRef = EF9ADF272BA9D7B7008E9F8B /* HeaderCollectionView.xib */; };
		EF9ADF2C2BA9ED95008E9F8B /* HeaderCollectionViewCell.swift in Sources */ = {isa = PBXBuildFile; fileRef = EF9ADF2B2BA9ED95008E9F8B /* HeaderCollectionViewCell.swift */; };
/* End PBXBuildFile section */

/* Begin PBXFileReference section */
		EF9ADF072BA9A717008E9F8B /* UICollectionViewNetflix.app */ = {isa = PBXFileReference; explicitFileType = wrapper.application; includeInIndex = 0; path = UICollectionViewNetflix.app; sourceTree = BUILT_PRODUCTS_DIR; };
		EF9ADF0A2BA9A717008E9F8B /* AppDelegate.swift */ = {isa = PBXFileReference; lastKnownFileType = sourcecode.swift; path = AppDelegate.swift; sourceTree = "<group>"; };
		EF9ADF0C2BA9A717008E9F8B /* SceneDelegate.swift */ = {isa = PBXFileReference; lastKnownFileType = sourcecode.swift; path = SceneDelegate.swift; sourceTree = "<group>"; };
		EF9ADF0E2BA9A717008E9F8B /* ViewController.swift */ = {isa = PBXFileReference; lastKnownFileType = sourcecode.swift; path = ViewController.swift; sourceTree = "<group>"; };
		EF9ADF112BA9A717008E9F8B /* Base */ = {isa = PBXFileReference; lastKnownFileType = file.storyboard; name = Base; path = Base.lproj/Main.storyboard; sourceTree = "<group>"; };
		EF9ADF132BA9A719008E9F8B /* Assets.xcassets */ = {isa = PBXFileReference; lastKnownFileType = folder.assetcatalog; path = Assets.xcassets; sourceTree = "<group>"; };
		EF9ADF162BA9A719008E9F8B /* Base */ = {isa = PBXFileReference; lastKnownFileType = file.storyboard; name = Base; path = Base.lproj/LaunchScreen.storyboard; sourceTree = "<group>"; };
		EF9ADF182BA9A719008E9F8B /* Info.plist */ = {isa = PBXFileReference; lastKnownFileType = text.plist.xml; path = Info.plist; sourceTree = "<group>"; };
		EF9ADF1F2BA9AA37008E9F8B /* MovieCollectionViewCell.swift */ = {isa = PBXFileReference; lastKnownFileType = sourcecode.swift; path = MovieCollectionViewCell.swift; sourceTree = "<group>"; };
		EF9ADF222BA9C0B4008E9F8B /* CompositionLayoutHelper.swift */ = {isa = PBXFileReference; lastKnownFileType = sourcecode.swift; path = CompositionLayoutHelper.swift; sourceTree = "<group>"; };
		EF9ADF272BA9D7B7008E9F8B /* HeaderCollectionView.xib */ = {isa = PBXFileReference; lastKnownFileType = file.xib; path = HeaderCollectionView.xib; sourceTree = "<group>"; };
		EF9ADF2B2BA9ED95008E9F8B /* HeaderCollectionViewCell.swift */ = {isa = PBXFileReference; lastKnownFileType = sourcecode.swift; path = HeaderCollectionViewCell.swift; sourceTree = "<group>"; };
/* End PBXFileReference section */

/* Begin PBXFrameworksBuildPhase section */
		EF9ADF042BA9A717008E9F8B /* Frameworks */ = {
			isa = PBXFrameworksBuildPhase;
			buildActionMask = 2147483647;
			files = (
			);
			runOnlyForDeploymentPostprocessing = 0;
		};
/* End PBXFrameworksBuildPhase section */

/* Begin PBXGroup section */
		EF9ADEFE2BA9A717008E9F8B = {
			isa = PBXGroup;
			children = (
				EF9ADF092BA9A717008E9F8B /* UICollectionViewNetflix */,
				EF9ADF082BA9A717008E9F8B /* Products */,
			);
			sourceTree = "<group>";
		};
		EF9ADF082BA9A717008E9F8B /* Products */ = {
			isa = PBXGroup;
			children = (
				EF9ADF072BA9A717008E9F8B /* UICollectionViewNetflix.app */,
			);
			name = Products;
			sourceTree = "<group>";
		};
		EF9ADF092BA9A717008E9F8B /* UICollectionViewNetflix */ = {
			isa = PBXGroup;
			children = (
				EF9ADF212BA9C080008E9F8B /* Helper */,
				EF9ADF1E2BA9A9BA008E9F8B /* CollectionViewCell */,
				EF9ADF0A2BA9A717008E9F8B /* AppDelegate.swift */,
				EF9ADF0C2BA9A717008E9F8B /* SceneDelegate.swift */,
				EF9ADF0E2BA9A717008E9F8B /* ViewController.swift */,
				EF9ADF102BA9A717008E9F8B /* Main.storyboard */,
				EF9ADF132BA9A719008E9F8B /* Assets.xcassets */,
				EF9ADF152BA9A719008E9F8B /* LaunchScreen.storyboard */,
				EF9ADF182BA9A719008E9F8B /* Info.plist */,
			);
			path = UICollectionViewNetflix;
			sourceTree = "<group>";
		};
		EF9ADF1E2BA9A9BA008E9F8B /* CollectionViewCell */ = {
			isa = PBXGroup;
			children = (
				EF9ADF242BA9D76C008E9F8B /* Header */,
				EF9ADF262BA9D782008E9F8B /* Body */,
			);
			path = CollectionViewCell;
			sourceTree = "<group>";
		};
		EF9ADF212BA9C080008E9F8B /* Helper */ = {
			isa = PBXGroup;
			children = (
				EF9ADF222BA9C0B4008E9F8B /* CompositionLayoutHelper.swift */,
			);
			path = Helper;
			sourceTree = "<group>";
		};
		EF9ADF242BA9D76C008E9F8B /* Header */ = {
			isa = PBXGroup;
			children = (
				EF9ADF272BA9D7B7008E9F8B /* HeaderCollectionView.xib */,
				EF9ADF2B2BA9ED95008E9F8B /* HeaderCollectionViewCell.swift */,
			);
			path = Header;
			sourceTree = "<group>";
		};
		EF9ADF262BA9D782008E9F8B /* Body */ = {
			isa = PBXGroup;
			children = (
				EF9ADF1F2BA9AA37008E9F8B /* MovieCollectionViewCell.swift */,
			);
			path = Body;
			sourceTree = "<group>";
		};
/* End PBXGroup section */

/* Begin PBXNativeTarget section */
		EF9ADF062BA9A717008E9F8B /* UICollectionViewNetflix */ = {
			isa = PBXNativeTarget;
			buildConfigurationList = EF9ADF1B2BA9A719008E9F8B /* Build configuration list for PBXNativeTarget "UICollectionViewNetflix" */;
			buildPhases = (
				EF9ADF032BA9A717008E9F8B /* Sources */,
				EF9ADF042BA9A717008E9F8B /* Frameworks */,
				EF9ADF052BA9A717008E9F8B /* Resources */,
			);
			buildRules = (
			);
			dependencies = (
			);
			name = UICollectionViewNetflix;
			productName = UICollectionViewNetflix;
			productReference = EF9ADF072BA9A717008E9F8B /* UICollectionViewNetflix.app */;
			productType = "com.apple.product-type.application";
		};
/* End PBXNativeTarget section */

/* Begin PBXProject section */
		EF9ADEFF2BA9A717008E9F8B /* Project object */ = {
			isa = PBXProject;
			attributes = {
				BuildIndependentTargetsInParallel = 1;
				LastSwiftUpdateCheck = 1530;
				LastUpgradeCheck = 1530;
				TargetAttributes = {
					EF9ADF062BA9A717008E9F8B = {
						CreatedOnToolsVersion = 15.3;
					};
				};
			};
			buildConfigurationList = EF9ADF022BA9A717008E9F8B /* Build configuration list for PBXProject "UICollectionViewNetflix" */;
			compatibilityVersion = "Xcode 14.0";
			developmentRegion = en;
			hasScannedForEncodings = 0;
			knownRegions = (
				en,
				Base,
			);
			mainGroup = EF9ADEFE2BA9A717008E9F8B;
			productRefGroup = EF9ADF082BA9A717008E9F8B /* Products */;
			projectDirPath = "";
			projectRoot = "";
			targets = (
				EF9ADF062BA9A717008E9F8B /* UICollectionViewNetflix */,
			);
		};
/* End PBXProject section */

/* Begin PBXResourcesBuildPhase section */
		EF9ADF052BA9A717008E9F8B /* Resources */ = {
			isa = PBXResourcesBuildPhase;
			buildActionMask = 2147483647;
			files = (
				EF9ADF142BA9A719008E9F8B /* Assets.xcassets in Resources */,
				EF9ADF172BA9A719008E9F8B /* Base in Resources */,
				EF9ADF122BA9A717008E9F8B /* Base in Resources */,
				EF9ADF282BA9D7B7008E9F8B /* HeaderCollectionView.xib in Resources */,
			);
			runOnlyForDeploymentPostprocessing = 0;
		};
/* End PBXResourcesBuildPhase section */

/* Begin PBXSourcesBuildPhase section */
		EF9ADF032BA9A717008E9F8B /* Sources */ = {
			isa = PBXSourcesBuildPhase;
			buildActionMask = 2147483647;
			files = (
				EF9ADF0F2BA9A717008E9F8B /* ViewController.swift in Sources */,
				EF9ADF0B2BA9A717008E9F8B /* AppDelegate.swift in Sources */,
				EF9ADF0D2BA9A717008E9F8B /* SceneDelegate.swift in Sources */,
				EF9ADF2C2BA9ED95008E9F8B /* HeaderCollectionViewCell.swift in Sources */,
				EF9ADF232BA9C0B4008E9F8B /* CompositionLayoutHelper.swift in Sources */,
				EF9ADF202BA9AA37008E9F8B /* MovieCollectionViewCell.swift in Sources */,
			);
			runOnlyForDeploymentPostprocessing = 0;
		};
/* End PBXSourcesBuildPhase section */

/* Begin PBXVariantGroup section */
		EF9ADF102BA9A717008E9F8B /* Main.storyboard */ = {
			isa = PBXVariantGroup;
			children = (
				EF9ADF112BA9A717008E9F8B /* Base */,
			);
			name = Main.storyboard;
			sourceTree = "<group>";
		};
		EF9ADF152BA9A719008E9F8B /* LaunchScreen.storyboard */ = {
			isa = PBXVariantGroup;
			children = (
				EF9ADF162BA9A719008E9F8B /* Base */,
			);
			name = LaunchScreen.storyboard;
			sourceTree = "<group>";
		};
/* End PBXVariantGroup section */

/* Begin XCBuildConfiguration section */
		EF9ADF192BA9A719008E9F8B /* Debug */ = {
			isa = XCBuildConfiguration;
			buildSettings = {
				ALWAYS_SEARCH_USER_PATHS = NO;
				ASSETCATALOG_COMPILER_GENERATE_SWIFT_ASSET_SYMBOL_EXTENSIONS = YES;
				CLANG_ANALYZER_NONNULL = YES;
				CLANG_ANALYZER_NUMBER_OBJECT_CONVERSION = YES_AGGRESSIVE;
				CLANG_CXX_LANGUAGE_STANDARD = "gnu++20";
				CLANG_ENABLE_MODULES = YES;
				CLANG_ENABLE_OBJC_ARC = YES;
				CLANG_ENABLE_OBJC_WEAK = YES;
				CLANG_WARN_BLOCK_CAPTURE_AUTORELEASING = YES;
				CLANG_WARN_BOOL_CONVERSION = YES;
				CLANG_WARN_COMMA = YES;
				CLANG_WARN_CONSTANT_CONVERSION = YES;
				CLANG_WARN_DEPRECATED_OBJC_IMPLEMENTATIONS = YES;
				CLANG_WARN_DIRECT_OBJC_ISA_USAGE = YES_ERROR;
				CLANG_WARN_DOCUMENTATION_COMMENTS = YES;
				CLANG_WARN_EMPTY_BODY = YES;
				CLANG_WARN_ENUM_CONVERSION = YES;
				CLANG_WARN_INFINITE_RECURSION = YES;
				CLANG_WARN_INT_CONVERSION = YES;
				CLANG_WARN_NON_LITERAL_NULL_CONVERSION = YES;
				CLANG_WARN_OBJC_IMPLICIT_RETAIN_SELF = YES;
				CLANG_WARN_OBJC_LITERAL_CONVERSION = YES;
				CLANG_WARN_OBJC_ROOT_CLASS = YES_ERROR;
				CLANG_WARN_QUOTED_INCLUDE_IN_FRAMEWORK_HEADER = YES;
				CLANG_WARN_RANGE_LOOP_ANALYSIS = YES;
				CLANG_WARN_STRICT_PROTOTYPES = YES;
				CLANG_WARN_SUSPICIOUS_MOVE = YES;
				CLANG_WARN_UNGUARDED_AVAILABILITY = YES_AGGRESSIVE;
				CLANG_WARN_UNREACHABLE_CODE = YES;
				CLANG_WARN__DUPLICATE_METHOD_MATCH = YES;
				COPY_PHASE_STRIP = NO;
				DEBUG_INFORMATION_FORMAT = dwarf;
				ENABLE_STRICT_OBJC_MSGSEND = YES;
				ENABLE_TESTABILITY = YES;
				ENABLE_USER_SCRIPT_SANDBOXING = YES;
				GCC_C_LANGUAGE_STANDARD = gnu17;
				GCC_DYNAMIC_NO_PIC = NO;
				GCC_NO_COMMON_BLOCKS = YES;
				GCC_OPTIMIZATION_LEVEL = 0;
				GCC_PREPROCESSOR_DEFINITIONS = (
					"DEBUG=1",
					"$(inherited)",
				);
				GCC_WARN_64_TO_32_BIT_CONVERSION = YES;
				GCC_WARN_ABOUT_RETURN_TYPE = YES_ERROR;
				GCC_WARN_UNDECLARED_SELECTOR = YES;
				GCC_WARN_UNINITIALIZED_AUTOS = YES_AGGRESSIVE;
				GCC_WARN_UNUSED_FUNCTION = YES;
				GCC_WARN_UNUSED_VARIABLE = YES;
				IPHONEOS_DEPLOYMENT_TARGET = 17.4;
				LOCALIZATION_PREFERS_STRING_CATALOGS = YES;
				MTL_ENABLE_DEBUG_INFO = INCLUDE_SOURCE;
				MTL_FAST_MATH = YES;
				ONLY_ACTIVE_ARCH = YES;
				SDKROOT = iphoneos;
				SWIFT_ACTIVE_COMPILATION_CONDITIONS = "DEBUG $(inherited)";
				SWIFT_OPTIMIZATION_LEVEL = "-Onone";
			};
			name = Debug;
		};
		EF9ADF1A2BA9A719008E9F8B /* Release */ = {
			isa = XCBuildConfiguration;
			buildSettings = {
				ALWAYS_SEARCH_USER_PATHS = NO;
				ASSETCATALOG_COMPILER_GENERATE_SWIFT_ASSET_SYMBOL_EXTENSIONS = YES;
				CLANG_ANALYZER_NONNULL = YES;
				CLANG_ANALYZER_NUMBER_OBJECT_CONVERSION = YES_AGGRESSIVE;
				CLANG_CXX_LANGUAGE_STANDARD = "gnu++20";
				CLANG_ENABLE_MODULES = YES;
				CLANG_ENABLE_OBJC_ARC = YES;
				CLANG_ENABLE_OBJC_WEAK = YES;
				CLANG_WARN_BLOCK_CAPTURE_AUTORELEASING = YES;
				CLANG_WARN_BOOL_CONVERSION = YES;
				CLANG_WARN_COMMA = YES;
				CLANG_WARN_CONSTANT_CONVERSION = YES;
				CLANG_WARN_DEPRECATED_OBJC_IMPLEMENTATIONS = YES;
				CLANG_WARN_DIRECT_OBJC_ISA_USAGE = YES_ERROR;
				CLANG_WARN_DOCUMENTATION_COMMENTS = YES;
				CLANG_WARN_EMPTY_BODY = YES;
				CLANG_WARN_ENUM_CONVERSION = YES;
				CLANG_WARN_INFINITE_RECURSION = YES;
				CLANG_WARN_INT_CONVERSION = YES;
				CLANG_WARN_NON_LITERAL_NULL_CONVERSION = YES;
				CLANG_WARN_OBJC_IMPLICIT_RETAIN_SELF = YES;
				CLANG_WARN_OBJC_LITERAL_CONVERSION = YES;
				CLANG_WARN_OBJC_ROOT_CLASS = YES_ERROR;
				CLANG_WARN_QUOTED_INCLUDE_IN_FRAMEWORK_HEADER = YES;
				CLANG_WARN_RANGE_LOOP_ANALYSIS = YES;
				CLANG_WARN_STRICT_PROTOTYPES = YES;
				CLANG_WARN_SUSPICIOUS_MOVE = YES;
				CLANG_WARN_UNGUARDED_AVAILABILITY = YES_AGGRESSIVE;
				CLANG_WARN_UNREACHABLE_CODE = YES;
				CLANG_WARN__DUPLICATE_METHOD_MATCH = YES;
				COPY_PHASE_STRIP = NO;
				DEBUG_INFORMATION_FORMAT = "dwarf-with-dsym";
				ENABLE_NS_ASSERTIONS = NO;
				ENABLE_STRICT_OBJC_MSGSEND = YES;
				ENABLE_USER_SCRIPT_SANDBOXING = YES;
				GCC_C_LANGUAGE_STANDARD = gnu17;
				GCC_NO_COMMON_BLOCKS = YES;
				GCC_WARN_64_TO_32_BIT_CONVERSION = YES;
				GCC_WARN_ABOUT_RETURN_TYPE = YES_ERROR;
				GCC_WARN_UNDECLARED_SELECTOR = YES;
				GCC_WARN_UNINITIALIZED_AUTOS = YES_AGGRESSIVE;
				GCC_WARN_UNUSED_FUNCTION = YES;
				GCC_WARN_UNUSED_VARIABLE = YES;
				IPHONEOS_DEPLOYMENT_TARGET = 17.4;
				LOCALIZATION_PREFERS_STRING_CATALOGS = YES;
				MTL_ENABLE_DEBUG_INFO = NO;
				MTL_FAST_MATH = YES;
				SDKROOT = iphoneos;
				SWIFT_COMPILATION_MODE = wholemodule;
				VALIDATE_PRODUCT = YES;
			};
			name = Release;
		};
		EF9ADF1C2BA9A719008E9F8B /* Debug */ = {
			isa = XCBuildConfiguration;
			buildSettings = {
				ASSETCATALOG_COMPILER_APPICON_NAME = AppIcon;
				ASSETCATALOG_COMPILER_GLOBAL_ACCENT_COLOR_NAME = AccentColor;
				CODE_SIGN_STYLE = Automatic;
				CURRENT_PROJECT_VERSION = 1;
				GENERATE_INFOPLIST_FILE = YES;
				INFOPLIST_FILE = UICollectionViewNetflix/Info.plist;
				INFOPLIST_KEY_UIApplicationSupportsIndirectInputEvents = YES;
				INFOPLIST_KEY_UILaunchStoryboardName = LaunchScreen;
				INFOPLIST_KEY_UIMainStoryboardFile = Main;
				INFOPLIST_KEY_UISupportedInterfaceOrientations_iPad = "UIInterfaceOrientationPortrait UIInterfaceOrientationPortraitUpsideDown UIInterfaceOrientationLandscapeLeft UIInterfaceOrientationLandscapeRight";
				INFOPLIST_KEY_UISupportedInterfaceOrientations_iPhone = "UIInterfaceOrientationPortrait UIInterfaceOrientationLandscapeLeft UIInterfaceOrientationLandscapeRight";
				LD_RUNPATH_SEARCH_PATHS = (
					"$(inherited)",
					"@executable_path/Frameworks",
				);
				MARKETING_VERSION = 1.0;
				PRODUCT_BUNDLE_IDENTIFIER = com..UICollectionViewNetflix;
				PRODUCT_NAME = "$(TARGET_NAME)";
				SWIFT_EMIT_LOC_STRINGS = YES;
				SWIFT_VERSION = 5.0;
				TARGETED_DEVICE_FAMILY = "1,2";
			};
			name = Debug;
		};
		EF9ADF1D2BA9A719008E9F8B /* Release */ = {
			isa = XCBuildConfiguration;
			buildSettings = {
				ASSETCATALOG_COMPILER_APPICON_NAME = AppIcon;
				ASSETCATALOG_COMPILER_GLOBAL_ACCENT_COLOR_NAME = AccentColor;
				CODE_SIGN_STYLE = Automatic;
				CURRENT_PROJECT_VERSION = 1;
				GENERATE_INFOPLIST_FILE = YES;
				INFOPLIST_FILE = UICollectionViewNetflix/Info.plist;
				INFOPLIST_KEY_UIApplicationSupportsIndirectInputEvents = YES;
				INFOPLIST_KEY_UILaunchStoryboardName = LaunchScreen;
				INFOPLIST_KEY_UIMainStoryboardFile = Main;
				INFOPLIST_KEY_UISupportedInterfaceOrientations_iPad = "UIInterfaceOrientationPortrait UIInterfaceOrientationPortraitUpsideDown UIInterfaceOrientationLandscapeLeft UIInterfaceOrientationLandscapeRight";
				INFOPLIST_KEY_UISupportedInterfaceOrientations_iPhone = "UIInterfaceOrientationPortrait UIInterfaceOrientationLandscapeLeft UIInterfaceOrientationLandscapeRight";
				LD_RUNPATH_SEARCH_PATHS = (
					"$(inherited)",
					"@executable_path/Frameworks",
				);
				MARKETING_VERSION = 1.0;
				PRODUCT_BUNDLE_IDENTIFIER = com..UICollectionViewNetflix;
				PRODUCT_NAME = "$(TARGET_NAME)";
				SWIFT_EMIT_LOC_STRINGS = YES;
				SWIFT_VERSION = 5.0;
				TARGETED_DEVICE_FAMILY = "1,2";
			};
			name = Release;
		};
/* End XCBuildConfiguration section */

/* Begin XCConfigurationList section */
		EF9ADF022BA9A717008E9F8B /* Build configuration list for PBXProject "UICollectionViewNetflix" */ = {
			isa = XCConfigurationList;
			buildConfigurations = (
				EF9ADF192BA9A719008E9F8B /* Debug */,
				EF9ADF1A2BA9A719008E9F8B /* Release */,
			);
			defaultConfigurationIsVisible = 0;
			defaultConfigurationName = Release;
		};
		EF9ADF1B2BA9A719008E9F8B /* Build configuration list for PBXNativeTarget "UICollectionViewNetflix" */ = {
			isa = XCConfigurationList;
			buildConfigurations = (
				EF9ADF1C2BA9A719008E9F8B /* Debug */,
				EF9ADF1D2BA9A719008E9F8B /* Release */,
			);
			defaultConfigurationIsVisible = 0;
			defaultConfigurationName = Release;
		};
/* End XCConfigurationList section */
	};
	rootObject = EF9ADEFF2BA9A717008E9F8B /* Project object */;
}
